
Microsoft Visual Studio Solution File, Format Version 12.00
# Visual Studio Version 17
VisualStudioVersion = 17.9.34728.123
MinimumVisualStudioVersion = 10.0.40219.1
Project("{9A19103F-16F7-4668-BE54-9A1E7A4F7556}") = "School_API", "School_API\School_API.csproj", "{DF6FC4FE-F0A0-49A4-9600-834FABC3AC4E}"
EndProject
Project("{9A19103F-16F7-4668-BE54-9A1E7A4F7556}") = "SharedModels", "SharedModels\SharedModels.csproj", "{1A89EC06-5539-4FB7-98C0-EC55C078C4BB}"
EndProject
Project("{9A19103F-16F7-4668-BE54-9A1E7A4F7556}") = "School", "School\School.csproj", "{AFD719F7-F774-436C-AAB4-51511A6DC31A}"
EndProject
Project("{FAE04EC0-301F-11D3-BF4B-00C04F79EFBC}") = "SchoolTests", "SchoolTests\SchoolTests.csproj", "{71EA6A4F-081E-479E-9CDC-691A9E090825}"
EndProject
Global
	GlobalSection(SolutionConfigurationPlatforms) = preSolution
		Debug|Any CPU = Debug|Any CPU
		Release|Any CPU = Release|Any CPU
	EndGlobalSection
	GlobalSection(ProjectConfigurationPlatforms) = postSolution
		{DF6FC4FE-F0A0-49A4-9600-834FABC3AC4E}.Debug|Any CPU.ActiveCfg = Debug|Any CPU
		{DF6FC4FE-F0A0-49A4-9600-834FABC3AC4E}.Debug|Any CPU.Build.0 = Debug|Any CPU
		{DF6FC4FE-F0A0-49A4-9600-834FABC3AC4E}.Release|Any CPU.ActiveCfg = Release|Any CPU
		{DF6FC4FE-F0A0-49A4-9600-834FABC3AC4E}.Release|Any CPU.Build.0 = Release|Any CPU
		{1A89EC06-5539-4FB7-98C0-EC55C078C4BB}.Debug|Any CPU.ActiveCfg = Debug|Any CPU
		{1A89EC06-5539-4FB7-98C0-EC55C078C4BB}.Debug|Any CPU.Build.0 = Debug|Any CPU
		{1A89EC06-5539-4FB7-98C0-EC55C078C4BB}.Release|Any CPU.ActiveCfg = Release|Any CPU
		{1A89EC06-5539-4FB7-98C0-EC55C078C4BB}.Release|Any CPU.Build.0 = Release|Any CPU
		{AFD719F7-F774-436C-AAB4-51511A6DC31A}.Debug|Any CPU.ActiveCfg = Debug|Any CPU
		{AFD719F7-F774-436C-AAB4-51511A6DC31A}.Debug|Any CPU.Build.0 = Debug|Any CPU
		{AFD719F7-F774-436C-AAB4-51511A6DC31A}.Release|Any CPU.ActiveCfg = Release|Any CPU
		{AFD719F7-F774-436C-AAB4-51511A6DC31A}.Release|Any CPU.Build.0 = Release|Any CPU
		{71EA6A4F-081E-479E-9CDC-691A9E090825}.Debug|Any CPU.ActiveCfg = Debug|Any CPU
		{71EA6A4F-081E-479E-9CDC-691A9E090825}.Debug|Any CPU.Build.0 = Debug|Any CPU
		{71EA6A4F-081E-479E-9CDC-691A9E090825}.Release|Any CPU.ActiveCfg = Release|Any CPU
		{71EA6A4F-081E-479E-9CDC-691A9E090825}.Release|Any CPU.Build.0 = Release|Any CPU
	EndGlobalSection
	GlobalSection(SolutionProperties) = preSolution
		HideSolutionNode = FALSE
	EndGlobalSection
	GlobalSection(ExtensibilityGlobals) = postSolution
		SolutionGuid = {A52AC98A-C8B2-4917-BF56-133DD188497E}
	EndGlobalSection
EndGlobal
